<?xml version="1.0" encoding="utf-8"?>
<Project ToolsVersion="4.0" xmlns="http://schemas.microsoft.com/developer/msbuild/2003">
  <ItemGroup>
    <Filter Include="File di origine">
      <UniqueIdentifier>{4FC737F1-C7A5-4376-A066-2A32D752A2FF}</UniqueIdentifier>
      <Extensions>cpp;c;cc;cxx;def;odl;idl;hpj;bat;asm;asmx</Extensions>
    </Filter>
    <Filter Include="File di intestazione">
      <UniqueIdentifier>{93995380-89BD-4b04-88EB-625FBE52EBFB}</UniqueIdentifier>
      <Extensions>h;hh;hpp;hxx;hm;inl;inc;ipp;xsd</Extensions>
    </Filter>
    <Filter Include="File di risorse">
      <UniqueIdentifier>{67DA6AB6-F800-4c08-8B7A-83BB121AAD01}</UniqueIdentifier>
      <Extensions>rc;ico;cur;bmp;dlg;rc2;rct;bin;rgs;gif;jpg;jpeg;jpe;resx;tiff;tif;png;wav;mfcribbon-ms</Extensions>
    </Filter>
  </ItemGroup>
  <ItemGroup>
    <ClInclude Include="src\utils\Debug.h">
      <Filter>File di intestazione</Filter>
    </ClInclude>
    <ClInclude Include="src\utils\file_utils.h">
      <Filter>File di intestazione</Filter>
    </ClInclude>
    <ClInclude Include="src\utils\ImageLoad.h">
      <Filter>File di intestazione</Filter>
    </ClInclude>
    <ClInclude Include="src\utils\Log.h">
      <Filter>File di intestazione</Filter>
    </ClInclude>
    <ClInclude Include="src\utils\timer.h">
      <Filter>File di intestazione</Filter>
    </ClInclude>
    <ClInclude Include="src\maths\mat4.h">
      <Filter>File di intestazione</Filter>
    </ClInclude>
    <ClInclude Include="src\maths\math_utils.h">
      <Filter>File di intestazione</Filter>
    </ClInclude>
    <ClInclude Include="src\maths\maths.h">
      <Filter>File di intestazione</Filter>
    </ClInclude>
    <ClInclude Include="src\maths\vec2.h">
      <Filter>File di intestazione</Filter>
    </ClInclude>
    <ClInclude Include="src\maths\vec3.h">
      <Filter>File di intestazione</Filter>
    </ClInclude>
    <ClInclude Include="src\maths\vec4.h">
      <Filter>File di intestazione</Filter>
    </ClInclude>
    <ClInclude Include="src\graphics\buffers\Framebuffer.h">
      <Filter>File di intestazione</Filter>
    </ClInclude>
    <ClInclude Include="src\graphics\buffers\Indexbuffer.h">
      <Filter>File di intestazione</Filter>
    </ClInclude>
    <ClInclude Include="src\graphics\buffers\Vertexarray.h">
      <Filter>File di intestazione</Filter>
    </ClInclude>
    <ClInclude Include="src\graphics\buffers\Vertexbuffer.h">
      <Filter>File di intestazione</Filter>
    </ClInclude>
    <ClInclude Include="src\graphics\shaders\Shader.h">
      <Filter>File di intestazione</Filter>
    </ClInclude>
    <ClInclude Include="src\graphics\shaders\ShaderFactory.h">
      <Filter>File di intestazione</Filter>
    </ClInclude>
    <ClInclude Include="src\graphics\Camera.h">
      <Filter>File di intestazione</Filter>
    </ClInclude>
    <ClInclude Include="src\graphics\DeferredRenderer.h">
      <Filter>File di intestazione</Filter>
    </ClInclude>
    <ClInclude Include="src\graphics\ForwardRenderer.h">
      <Filter>File di intestazione</Filter>
    </ClInclude>
    <ClInclude Include="src\graphics\Mesh.h">
      <Filter>File di intestazione</Filter>
    </ClInclude>
    <ClInclude Include="src\graphics\MeshManager.h">
      <Filter>File di intestazione</Filter>
    </ClInclude>
    <ClInclude Include="src\graphics\Model.h">
      <Filter>File di intestazione</Filter>
    </ClInclude>
    <ClInclude Include="src\graphics\Renderer.h">
      <Filter>File di intestazione</Filter>
    </ClInclude>
    <ClInclude Include="src\graphics\Texture2D.h">
      <Filter>File di intestazione</Filter>
    </ClInclude>
    <ClInclude Include="src\graphics\TextureObject.h">
      <Filter>File di intestazione</Filter>
    </ClInclude>
    <ClInclude Include="src\graphics\Window.h">
      <Filter>File di intestazione</Filter>
    </ClInclude>
    <ClInclude Include="src\graphics\Light.h">
      <Filter>File di intestazione</Filter>
    </ClInclude>
    <ClInclude Include="src\graphics\buffers\UniformBuffer.h">
      <Filter>File di intestazione</Filter>
    </ClInclude>
  </ItemGroup>
  <ItemGroup>
    <ClCompile Include="src\utils\file_utils.cpp">
      <Filter>File di origine</Filter>
    </ClCompile>
    <ClCompile Include="src\maths\mat4.cpp">
      <Filter>File di origine</Filter>
    </ClCompile>
    <ClCompile Include="src\maths\vec2.cpp">
      <Filter>File di origine</Filter>
    </ClCompile>
    <ClCompile Include="src\maths\vec3.cpp">
      <Filter>File di origine</Filter>
    </ClCompile>
    <ClCompile Include="src\maths\vec4.cpp">
      <Filter>File di origine</Filter>
    </ClCompile>
    <ClCompile Include="src\graphics\buffers\Framebuffer.cpp">
      <Filter>File di origine</Filter>
    </ClCompile>
    <ClCompile Include="src\graphics\buffers\Indexbuffer.cpp">
      <Filter>File di origine</Filter>
    </ClCompile>
    <ClCompile Include="src\graphics\buffers\Vertexarray.cpp">
      <Filter>File di origine</Filter>
    </ClCompile>
    <ClCompile Include="src\graphics\buffers\Vertexbuffer.cpp">
      <Filter>File di origine</Filter>
    </ClCompile>
    <ClCompile Include="src\graphics\shaders\Shader.cpp">
      <Filter>File di origine</Filter>
    </ClCompile>
    <ClCompile Include="src\graphics\shaders\ShaderFactory.cpp">
      <Filter>File di origine</Filter>
    </ClCompile>
    <ClCompile Include="src\graphics\Camera.cpp">
      <Filter>File di origine</Filter>
    </ClCompile>
    <ClCompile Include="src\graphics\DeferredRenderer.cpp">
      <Filter>File di origine</Filter>
    </ClCompile>
    <ClCompile Include="src\graphics\ForwardRenderer.cpp">
      <Filter>File di origine</Filter>
    </ClCompile>
    <ClCompile Include="src\graphics\Mesh.cpp">
      <Filter>File di origine</Filter>
    </ClCompile>
    <ClCompile Include="src\graphics\MeshManager.cpp">
      <Filter>File di origine</Filter>
    </ClCompile>
    <ClCompile Include="src\graphics\Model.cpp">
      <Filter>File di origine</Filter>
    </ClCompile>
    <ClCompile Include="src\graphics\Renderer.cpp">
      <Filter>File di origine</Filter>
    </ClCompile>
    <ClCompile Include="src\graphics\Texture2D.cpp">
      <Filter>File di origine</Filter>
    </ClCompile>
    <ClCompile Include="src\graphics\TextureObject.cpp">
      <Filter>File di origine</Filter>
    </ClCompile>
    <ClCompile Include="src\graphics\Window.cpp">
      <Filter>File di origine</Filter>
    </ClCompile>
    <ClCompile Include="main.cpp">
      <Filter>File di origine</Filter>
    </ClCompile>
    <ClCompile Include="src\graphics\Light.cpp">
      <Filter>File di origine</Filter>
    </ClCompile>
    <ClCompile Include="src\graphics\buffers\UniformBuffer.cpp">
      <Filter>File di origine</Filter>
    </ClCompile>
  </ItemGroup>
</Project>